
Microsoft Visual Studio Solution File, Format Version 12.00
# Visual Studio Version 16
VisualStudioVersion = 16.0.29613.14
MinimumVisualStudioVersion = 10.0.40219.1
Project("{9A19103F-16F7-4668-BE54-9A1E7A4F7556}") = "Portal", "Portal\Portal.csproj", "{B7C7B4B3-0E67-4178-B1A4-39D98C832486}"
EndProject
Project("{9A19103F-16F7-4668-BE54-9A1E7A4F7556}") = "Buono.BuonoCore", "..\Buono_30\Buono.BuonoCore_30\Buono.BuonoCore\Buono.BuonoCore.csproj", "{E37A5137-8D91-4717-951D-49E1C9C956E2}"
EndProject
Project("{9A19103F-16F7-4668-BE54-9A1E7A4F7556}") = "Buono.BuonoDB", "..\Buono_30\Buono.BuonoDB_30\Buono.BuonoDB\Buono.BuonoDB.csproj", "{7D1D7EF4-7F2F-4664-BBD8-5D69B329B463}"
EndProject
Global
	GlobalSection(SolutionConfigurationPlatforms) = preSolution
		Debug|Any CPU = Debug|Any CPU
		Release|Any CPU = Release|Any CPU
	EndGlobalSection
	GlobalSection(ProjectConfigurationPlatforms) = postSolution
		{B7C7B4B3-0E67-4178-B1A4-39D98C832486}.Debug|Any CPU.ActiveCfg = Debug|Any CPU
		{B7C7B4B3-0E67-4178-B1A4-39D98C832486}.Debug|Any CPU.Build.0 = Debug|Any CPU
		{B7C7B4B3-0E67-4178-B1A4-39D98C832486}.Release|Any CPU.ActiveCfg = Release|Any CPU
		{B7C7B4B3-0E67-4178-B1A4-39D98C832486}.Release|Any CPU.Build.0 = Release|Any CPU
		{E37A5137-8D91-4717-951D-49E1C9C956E2}.Debug|Any CPU.ActiveCfg = Debug|Any CPU
		{E37A5137-8D91-4717-951D-49E1C9C956E2}.Debug|Any CPU.Build.0 = Debug|Any CPU
		{E37A5137-8D91-4717-951D-49E1C9C956E2}.Release|Any CPU.ActiveCfg = Release|Any CPU
		{E37A5137-8D91-4717-951D-49E1C9C956E2}.Release|Any CPU.Build.0 = Release|Any CPU
		{7D1D7EF4-7F2F-4664-BBD8-5D69B329B463}.Debug|Any CPU.ActiveCfg = Debug|Any CPU
		{7D1D7EF4-7F2F-4664-BBD8-5D69B329B463}.Debug|Any CPU.Build.0 = Debug|Any CPU
		{7D1D7EF4-7F2F-4664-BBD8-5D69B329B463}.Release|Any CPU.ActiveCfg = Release|Any CPU
		{7D1D7EF4-7F2F-4664-BBD8-5D69B329B463}.Release|Any CPU.Build.0 = Release|Any CPU
	EndGlobalSection
	GlobalSection(SolutionProperties) = preSolution
		HideSolutionNode = FALSE
	EndGlobalSection
	GlobalSection(ExtensibilityGlobals) = postSolution
		SolutionGuid = {05BBE031-0711-4661-B119-72437193835F}
	EndGlobalSection
EndGlobal
