
Microsoft Visual Studio Solution File, Format Version 12.00
# Visual Studio Version 16
VisualStudioVersion = 16.0.29613.14
MinimumVisualStudioVersion = 10.0.40219.1
Project("{9A19103F-16F7-4668-BE54-9A1E7A4F7556}") = "Buono.BuonoLicence", "Buono.BuonoLicence\Buono.BuonoLicence.csproj", "{0521089C-8270-47FE-946C-96D0B7DCADB2}"
EndProject
Project("{9A19103F-16F7-4668-BE54-9A1E7A4F7556}") = "Buono.BuonoCore", "..\Buono.BuonoCore_30\Buono.BuonoCore\Buono.BuonoCore.csproj", "{23306C52-1F19-457F-A16C-6B26E1041A58}"
EndProject
Global
	GlobalSection(SolutionConfigurationPlatforms) = preSolution
		Debug|Any CPU = Debug|Any CPU
		Release|Any CPU = Release|Any CPU
	EndGlobalSection
	GlobalSection(ProjectConfigurationPlatforms) = postSolution
		{0521089C-8270-47FE-946C-96D0B7DCADB2}.Debug|Any CPU.ActiveCfg = Debug|Any CPU
		{0521089C-8270-47FE-946C-96D0B7DCADB2}.Debug|Any CPU.Build.0 = Debug|Any CPU
		{0521089C-8270-47FE-946C-96D0B7DCADB2}.Release|Any CPU.ActiveCfg = Release|Any CPU
		{0521089C-8270-47FE-946C-96D0B7DCADB2}.Release|Any CPU.Build.0 = Release|Any CPU
		{23306C52-1F19-457F-A16C-6B26E1041A58}.Debug|Any CPU.ActiveCfg = Debug|Any CPU
		{23306C52-1F19-457F-A16C-6B26E1041A58}.Debug|Any CPU.Build.0 = Debug|Any CPU
		{23306C52-1F19-457F-A16C-6B26E1041A58}.Release|Any CPU.ActiveCfg = Release|Any CPU
		{23306C52-1F19-457F-A16C-6B26E1041A58}.Release|Any CPU.Build.0 = Release|Any CPU
	EndGlobalSection
	GlobalSection(SolutionProperties) = preSolution
		HideSolutionNode = FALSE
	EndGlobalSection
	GlobalSection(ExtensibilityGlobals) = postSolution
		SolutionGuid = {BC87DDA1-800B-45DB-91FF-418F84D0347A}
	EndGlobalSection
EndGlobal
